Microsoft Visual Studio Solution File, Format Version 12.00
# Visual Studio Version 17
VisualStudioVersion = 17.5.2.0
MinimumVisualStudioVersion = 10.0.40219.1
Project("{FAE04EC0-301F-11D3-BF4B-00C04F79EFBC}") = "MinimalApiTodo", "MinimalApiTodo.csproj", "{FEB2C90D-DFB8-023D-2119-5F985ABA45AE}"
EndProject
Global
	GlobalSection(SolutionConfigurationPlatforms) = preSolution
		Debug|Any CPU = Debug|Any CPU
		Release|Any CPU = Release|Any CPU
	EndGlobalSection
	GlobalSection(ProjectConfigurationPlatforms) = postSolution
		{FEB2C90D-DFB8-023D-2119-5F985ABA45AE}.Debug|Any CPU.ActiveCfg = Debug|Any CPU
		{FEB2C90D-DFB8-023D-2119-5F985ABA45AE}.Debug|Any CPU.Build.0 = Debug|Any CPU
		{FEB2C90D-DFB8-023D-2119-5F985ABA45AE}.Release|Any CPU.ActiveCfg = Release|Any CPU
		{FEB2C90D-DFB8-023D-2119-5F985ABA45AE}.Release|Any CPU.Build.0 = Release|Any CPU
	EndGlobalSection
	GlobalSection(SolutionProperties) = preSolution
		HideSolutionNode = FALSE
	EndGlobalSection
	GlobalSection(ExtensibilityGlobals) = postSolution
		SolutionGuid = {7CF3431E-F096-49DA-8453-B25EDE797A4B}
	EndGlobalSection
EndGlobal
